
Microsoft Visual Studio Solution File, Format Version 12.00
# Visual Studio Version 17
VisualStudioVersion = 17.5.33530.505
MinimumVisualStudioVersion = 10.0.40219.1
Project("{FAE04EC0-301F-11D3-BF4B-00C04F79EFBC}") = "POOU3C_Ejemplo1", "POOU3C_Ejemplo1.csproj", "{58B24F80-5A88-4A0B-804B-E5E2A9607C58}"
EndProject
Global
	GlobalSection(SolutionConfigurationPlatforms) = preSolution
		Debug|Any CPU = Debug|Any CPU
		Release|Any CPU = Release|Any CPU
	EndGlobalSection
	GlobalSection(ProjectConfigurationPlatforms) = postSolution
		{58B24F80-5A88-4A0B-804B-E5E2A9607C58}.Debug|Any CPU.ActiveCfg = Debug|Any CPU
		{58B24F80-5A88-4A0B-804B-E5E2A9607C58}.Debug|Any CPU.Build.0 = Debug|Any CPU
		{58B24F80-5A88-4A0B-804B-E5E2A9607C58}.Release|Any CPU.ActiveCfg = Release|Any CPU
		{58B24F80-5A88-4A0B-804B-E5E2A9607C58}.Release|Any CPU.Build.0 = Release|Any CPU
	EndGlobalSection
	GlobalSection(SolutionProperties) = preSolution
		HideSolutionNode = FALSE
	EndGlobalSection
	GlobalSection(ExtensibilityGlobals) = postSolution
		SolutionGuid = {BD337F48-5994-4FC1-89F0-AEACEAE99C6B}
	EndGlobalSection
EndGlobal
